// !$*UTF8*$!
{
	archiveVersion = 1;
	classes = {
	};
	objectVersion = 46;
	objects = {

/* Begin PBXAggregateTarget section */
		"BoostBLEKit::BoostBLEKitPackageTests::ProductTarget" /* BoostBLEKitPackageTests */ = {
			isa = PBXAggregateTarget;
			buildConfigurationList = OBJ_39 /* Build configuration list for PBXAggregateTarget "BoostBLEKitPackageTests" */;
			buildPhases = (
			);
			dependencies = (
				OBJ_42 /* PBXTargetDependency */,
			);
			name = BoostBLEKitPackageTests;
			productName = BoostBLEKitPackageTests;
		};
/* End PBXAggregateTarget section */

/* Begin PBXBuildFile section */
		CB434599200FA72100D82D7D /* Command.swift in Sources */ = {isa = PBXBuildFile; fileRef = CB434598200FA72100D82D7D /* Command.swift */; };
		CB43459B200FA7C400D82D7D /* MotorPowerCommand.swift in Sources */ = {isa = PBXBuildFile; fileRef = CB43459A200FA7C400D82D7D /* MotorPowerCommand.swift */; };
		CB43459D200FA80100D82D7D /* Port.swift in Sources */ = {isa = PBXBuildFile; fileRef = CB43459C200FA80100D82D7D /* Port.swift */; };
		CB4345A0200FA8B000D82D7D /* DeviceType.swift in Sources */ = {isa = PBXBuildFile; fileRef = CB43459F200FA8B000D82D7D /* DeviceType.swift */; };
		CB4345A2200FA8E800D82D7D /* Motor.swift in Sources */ = {isa = PBXBuildFile; fileRef = CB4345A1200FA8E800D82D7D /* Motor.swift */; };
		CB4345A4200FA90700D82D7D /* Notification.swift in Sources */ = {isa = PBXBuildFile; fileRef = CB4345A3200FA90700D82D7D /* Notification.swift */; };
		CB4345A6200FAB8300D82D7D /* GATT.swift in Sources */ = {isa = PBXBuildFile; fileRef = CB4345A5200FAB8300D82D7D /* GATT.swift */; };
		OBJ_21 /* Package.swift in Sources */ = {isa = PBXBuildFile; fileRef = OBJ_6 /* Package.swift */; };
		OBJ_27 /* BoostBLEKitTests.swift in Sources */ = {isa = PBXBuildFile; fileRef = OBJ_12 /* BoostBLEKitTests.swift */; };
		OBJ_29 /* BoostBLEKit.framework in Frameworks */ = {isa = PBXBuildFile; fileRef = "BoostBLEKit::BoostBLEKit::Product" /* BoostBLEKit.framework */; };
/* End PBXBuildFile section */

/* Begin PBXContainerItemProxy section */
		CB434596200FA6D400D82D7D /* PBXContainerItemProxy */ = {
			isa = PBXContainerItemProxy;
			containerPortal = OBJ_1 /* Project object */;
			proxyType = 1;
			remoteGlobalIDString = "BoostBLEKit::BoostBLEKit";
			remoteInfo = BoostBLEKit;
		};
		CB434597200FA6D500D82D7D /* PBXContainerItemProxy */ = {
			isa = PBXContainerItemProxy;
			containerPortal = OBJ_1 /* Project object */;
			proxyType = 1;
			remoteGlobalIDString = "BoostBLEKit::BoostBLEKitTests";
			remoteInfo = BoostBLEKitTests;
		};
/* End PBXContainerItemProxy section */

/* Begin PBXFileReference section */
		"BoostBLEKit::BoostBLEKit::Product" /* BoostBLEKit.framework */ = {isa = PBXFileReference; explicitFileType = wrapper.framework; path = BoostBLEKit.framework; sourceTree = BUILT_PRODUCTS_DIR; };
		"BoostBLEKit::BoostBLEKitTests::Product" /* BoostBLEKitTests.xctest */ = {isa = PBXFileReference; lastKnownFileType = file; path = BoostBLEKitTests.xctest; sourceTree = BUILT_PRODUCTS_DIR; };
		CB434598200FA72100D82D7D /* Command.swift */ = {isa = PBXFileReference; lastKnownFileType = sourcecode.swift; path = Command.swift; sourceTree = "<group>"; };
		CB43459A200FA7C400D82D7D /* MotorPowerCommand.swift */ = {isa = PBXFileReference; lastKnownFileType = sourcecode.swift; path = MotorPowerCommand.swift; sourceTree = "<group>"; };
		CB43459C200FA80100D82D7D /* Port.swift */ = {isa = PBXFileReference; lastKnownFileType = sourcecode.swift; path = Port.swift; sourceTree = "<group>"; };
		CB43459F200FA8B000D82D7D /* DeviceType.swift */ = {isa = PBXFileReference; lastKnownFileType = sourcecode.swift; path = DeviceType.swift; sourceTree = "<group>"; };
		CB4345A1200FA8E800D82D7D /* Motor.swift */ = {isa = PBXFileReference; lastKnownFileType = sourcecode.swift; path = Motor.swift; sourceTree = "<group>"; };
		CB4345A3200FA90700D82D7D /* Notification.swift */ = {isa = PBXFileReference; lastKnownFileType = sourcecode.swift; path = Notification.swift; sourceTree = "<group>"; };
		CB4345A5200FAB8300D82D7D /* GATT.swift */ = {isa = PBXFileReference; lastKnownFileType = sourcecode.swift; path = GATT.swift; sourceTree = "<group>"; };
		OBJ_12 /* BoostBLEKitTests.swift */ = {isa = PBXFileReference; lastKnownFileType = sourcecode.swift; path = BoostBLEKitTests.swift; sourceTree = "<group>"; };
		OBJ_6 /* Package.swift */ = {isa = PBXFileReference; explicitFileType = sourcecode.swift; path = Package.swift; sourceTree = "<group>"; };
/* End PBXFileReference section */

/* Begin PBXFrameworksBuildPhase section */
		OBJ_28 /* Frameworks */ = {
			isa = PBXFrameworksBuildPhase;
			buildActionMask = 0;
			files = (
				OBJ_29 /* BoostBLEKit.framework in Frameworks */,
			);
			runOnlyForDeploymentPostprocessing = 0;
		};
		OBJ_37 /* Frameworks */ = {
			isa = PBXFrameworksBuildPhase;
			buildActionMask = 0;
			files = (
			);
			runOnlyForDeploymentPostprocessing = 0;
		};
/* End PBXFrameworksBuildPhase section */

/* Begin PBXGroup section */
		OBJ_10 /* Tests */ = {
			isa = PBXGroup;
			children = (
				OBJ_11 /* BoostBLEKitTests */,
			);
			name = Tests;
			sourceTree = SOURCE_ROOT;
		};
		OBJ_11 /* BoostBLEKitTests */ = {
			isa = PBXGroup;
			children = (
				OBJ_12 /* BoostBLEKitTests.swift */,
			);
			name = BoostBLEKitTests;
			path = Tests/BoostBLEKitTests;
			sourceTree = SOURCE_ROOT;
		};
		OBJ_13 /* Products */ = {
			isa = PBXGroup;
			children = (
				"BoostBLEKit::BoostBLEKitTests::Product" /* BoostBLEKitTests.xctest */,
				"BoostBLEKit::BoostBLEKit::Product" /* BoostBLEKit.framework */,
			);
			name = Products;
			sourceTree = BUILT_PRODUCTS_DIR;
		};
		OBJ_5 /*  */ = {
			isa = PBXGroup;
			children = (
				OBJ_6 /* Package.swift */,
				OBJ_7 /* Sources */,
				OBJ_10 /* Tests */,
				OBJ_13 /* Products */,
			);
			name = "";
			sourceTree = "<group>";
		};
		OBJ_7 /* Sources */ = {
			isa = PBXGroup;
			children = (
				OBJ_8 /* BoostBLEKit */,
			);
			name = Sources;
			sourceTree = SOURCE_ROOT;
		};
		OBJ_8 /* BoostBLEKit */ = {
			isa = PBXGroup;
			children = (
				CB434598200FA72100D82D7D /* Command.swift */,
				CB43459F200FA8B000D82D7D /* DeviceType.swift */,
				CB4345A5200FAB8300D82D7D /* GATT.swift */,
				CB4345A1200FA8E800D82D7D /* Motor.swift */,
				CB43459A200FA7C400D82D7D /* MotorPowerCommand.swift */,
				CB4345A3200FA90700D82D7D /* Notification.swift */,
				CB43459C200FA80100D82D7D /* Port.swift */,
			);
			name = BoostBLEKit;
			path = Sources/BoostBLEKit;
			sourceTree = SOURCE_ROOT;
		};
/* End PBXGroup section */

/* Begin PBXNativeTarget section */
		"BoostBLEKit::BoostBLEKit" /* BoostBLEKit */ = {
			isa = PBXNativeTarget;
			buildConfigurationList = OBJ_32 /* Build configuration list for PBXNativeTarget "BoostBLEKit" */;
			buildPhases = (
				OBJ_35 /* Sources */,
				OBJ_37 /* Frameworks */,
			);
			buildRules = (
			);
			dependencies = (
			);
			name = BoostBLEKit;
			productName = BoostBLEKit;
			productReference = "BoostBLEKit::BoostBLEKit::Product" /* BoostBLEKit.framework */;
			productType = "com.apple.product-type.framework";
		};
		"BoostBLEKit::BoostBLEKitTests" /* BoostBLEKitTests */ = {
			isa = PBXNativeTarget;
			buildConfigurationList = OBJ_23 /* Build configuration list for PBXNativeTarget "BoostBLEKitTests" */;
			buildPhases = (
				OBJ_26 /* Sources */,
				OBJ_28 /* Frameworks */,
			);
			buildRules = (
			);
			dependencies = (
				OBJ_30 /* PBXTargetDependency */,
			);
			name = BoostBLEKitTests;
			productName = BoostBLEKitTests;
			productReference = "BoostBLEKit::BoostBLEKitTests::Product" /* BoostBLEKitTests.xctest */;
			productType = "com.apple.product-type.bundle.unit-test";
		};
		"BoostBLEKit::SwiftPMPackageDescription" /* BoostBLEKitPackageDescription */ = {
			isa = PBXNativeTarget;
			buildConfigurationList = OBJ_17 /* Build configuration list for PBXNativeTarget "BoostBLEKitPackageDescription" */;
			buildPhases = (
				OBJ_20 /* Sources */,
			);
			buildRules = (
			);
			dependencies = (
			);
			name = BoostBLEKitPackageDescription;
			productName = BoostBLEKitPackageDescription;
			productType = "com.apple.product-type.framework";
		};
/* End PBXNativeTarget section */

/* Begin PBXProject section */
		OBJ_1 /* Project object */ = {
			isa = PBXProject;
			attributes = {
				LastUpgradeCheck = 9999;
				ORGANIZATIONNAME = bricklife.com;
			};
			buildConfigurationList = OBJ_2 /* Build configuration list for PBXProject "BoostBLEKit" */;
			compatibilityVersion = "Xcode 3.2";
			developmentRegion = English;
			hasScannedForEncodings = 0;
			knownRegions = (
				en,
			);
			mainGroup = OBJ_5 /*  */;
			productRefGroup = OBJ_13 /* Products */;
			projectDirPath = "";
			projectRoot = "";
			targets = (
				"BoostBLEKit::SwiftPMPackageDescription" /* BoostBLEKitPackageDescription */,
				"BoostBLEKit::BoostBLEKitTests" /* BoostBLEKitTests */,
				"BoostBLEKit::BoostBLEKit" /* BoostBLEKit */,
				"BoostBLEKit::BoostBLEKitPackageTests::ProductTarget" /* BoostBLEKitPackageTests */,
			);
		};
/* End PBXProject section */

/* Begin PBXSourcesBuildPhase section */
		OBJ_20 /* Sources */ = {
			isa = PBXSourcesBuildPhase;
			buildActionMask = 0;
			files = (
				OBJ_21 /* Package.swift in Sources */,
			);
			runOnlyForDeploymentPostprocessing = 0;
		};
		OBJ_26 /* Sources */ = {
			isa = PBXSourcesBuildPhase;
			buildActionMask = 0;
			files = (
				OBJ_27 /* BoostBLEKitTests.swift in Sources */,
			);
			runOnlyForDeploymentPostprocessing = 0;
		};
		OBJ_35 /* Sources */ = {
			isa = PBXSourcesBuildPhase;
			buildActionMask = 0;
			files = (
				CB4345A6200FAB8300D82D7D /* GATT.swift in Sources */,
				CB43459D200FA80100D82D7D /* Port.swift in Sources */,
				CB4345A0200FA8B000D82D7D /* DeviceType.swift in Sources */,
				CB4345A4200FA90700D82D7D /* Notification.swift in Sources */,
				CB4345A2200FA8E800D82D7D /* Motor.swift in Sources */,
				CB434599200FA72100D82D7D /* Command.swift in Sources */,
				CB43459B200FA7C400D82D7D /* MotorPowerCommand.swift in Sources */,
			);
			runOnlyForDeploymentPostprocessing = 0;
		};
/* End PBXSourcesBuildPhase section */

/* Begin PBXTargetDependency section */
		OBJ_30 /* PBXTargetDependency */ = {
			isa = PBXTargetDependency;
			target = "BoostBLEKit::BoostBLEKit" /* BoostBLEKit */;
			targetProxy = CB434596200FA6D400D82D7D /* PBXContainerItemProxy */;
		};
		OBJ_42 /* PBXTargetDependency */ = {
			isa = PBXTargetDependency;
			target = "BoostBLEKit::BoostBLEKitTests" /* BoostBLEKitTests */;
			targetProxy = CB434597200FA6D500D82D7D /* PBXContainerItemProxy */;
		};
/* End PBXTargetDependency section */

/* Begin XCBuildConfiguration section */
		OBJ_18 /* Debug */ = {
			isa = XCBuildConfiguration;
			buildSettings = {
				LD = /usr/bin/true;
				OTHER_SWIFT_FLAGS = "-swift-version 4 -I /Applications/Xcode.app/Contents/Developer/Toolchains/XcodeDefault.xctoolchain/usr/lib/swift/pm/4 -target x86_64-apple-macosx10.10 -sdk /Applications/Xcode.app/Contents/Developer/Platforms/MacOSX.platform/Developer/SDKs/MacOSX10.13.sdk";
				SWIFT_VERSION = 4.0;
			};
			name = Debug;
		};
		OBJ_19 /* Release */ = {
			isa = XCBuildConfiguration;
			buildSettings = {
				LD = /usr/bin/true;
				OTHER_SWIFT_FLAGS = "-swift-version 4 -I /Applications/Xcode.app/Contents/Developer/Toolchains/XcodeDefault.xctoolchain/usr/lib/swift/pm/4 -target x86_64-apple-macosx10.10 -sdk /Applications/Xcode.app/Contents/Developer/Platforms/MacOSX.platform/Developer/SDKs/MacOSX10.13.sdk";
				SWIFT_VERSION = 4.0;
			};
			name = Release;
		};
		OBJ_24 /* Debug */ = {
			isa = XCBuildConfiguration;
			buildSettings = {
				EMBEDDED_CONTENT_CONTAINS_SWIFT = YES;
				FRAMEWORK_SEARCH_PATHS = (
					"$(inherited)",
					"$(PLATFORM_DIR)/Developer/Library/Frameworks",
				);
				HEADER_SEARCH_PATHS = "$(inherited)";
				INFOPLIST_FILE = BoostBLEKit.xcodeproj/BoostBLEKitTests_Info.plist;
				LD_RUNPATH_SEARCH_PATHS = "@loader_path/../Frameworks @loader_path/Frameworks";
				OTHER_LDFLAGS = "$(inherited)";
				OTHER_SWIFT_FLAGS = "$(inherited)";
				SWIFT_VERSION = 4.0;
				TARGET_NAME = BoostBLEKitTests;
			};
			name = Debug;
		};
		OBJ_25 /* Release */ = {
			isa = XCBuildConfiguration;
			buildSettings = {
				EMBEDDED_CONTENT_CONTAINS_SWIFT = YES;
				FRAMEWORK_SEARCH_PATHS = (
					"$(inherited)",
					"$(PLATFORM_DIR)/Developer/Library/Frameworks",
				);
				HEADER_SEARCH_PATHS = "$(inherited)";
				INFOPLIST_FILE = BoostBLEKit.xcodeproj/BoostBLEKitTests_Info.plist;
				LD_RUNPATH_SEARCH_PATHS = "@loader_path/../Frameworks @loader_path/Frameworks";
				OTHER_LDFLAGS = "$(inherited)";
				OTHER_SWIFT_FLAGS = "$(inherited)";
				SWIFT_VERSION = 4.0;
				TARGET_NAME = BoostBLEKitTests;
			};
			name = Release;
		};
		OBJ_3 /* Debug */ = {
			isa = XCBuildConfiguration;
			buildSettings = {
				CLANG_ENABLE_OBJC_ARC = YES;
				COMBINE_HIDPI_IMAGES = YES;
				COPY_PHASE_STRIP = NO;
				DEBUG_INFORMATION_FORMAT = dwarf;
				DYLIB_INSTALL_NAME_BASE = "@rpath";
				ENABLE_NS_ASSERTIONS = YES;
				GCC_OPTIMIZATION_LEVEL = 0;
				IPHONEOS_DEPLOYMENT_TARGET = 9.0;
				MACOSX_DEPLOYMENT_TARGET = 10.10;
				ONLY_ACTIVE_ARCH = YES;
				OTHER_SWIFT_FLAGS = "-DXcode";
				PRODUCT_NAME = "$(TARGET_NAME)";
				SDKROOT = macosx;
				SUPPORTED_PLATFORMS = "macosx iphoneos iphonesimulator appletvos appletvsimulator watchos watchsimulator";
				SWIFT_ACTIVE_COMPILATION_CONDITIONS = SWIFT_PACKAGE;
				SWIFT_OPTIMIZATION_LEVEL = "-Onone";
				TVOS_DEPLOYMENT_TARGET = 9.0;
				USE_HEADERMAP = NO;
				WATCHOS_DEPLOYMENT_TARGET = 4.0;
			};
			name = Debug;
		};
		OBJ_33 /* Debug */ = {
			isa = XCBuildConfiguration;
			buildSettings = {
				ENABLE_TESTABILITY = YES;
				FRAMEWORK_SEARCH_PATHS = (
					"$(inherited)",
					"$(PLATFORM_DIR)/Developer/Library/Frameworks",
				);
				HEADER_SEARCH_PATHS = "$(inherited)";
				INFOPLIST_FILE = BoostBLEKit.xcodeproj/BoostBLEKit_Info.plist;
				LD_RUNPATH_SEARCH_PATHS = "$(TOOLCHAIN_DIR)/usr/lib/swift/macosx";
				OTHER_LDFLAGS = "$(inherited)";
				OTHER_SWIFT_FLAGS = "$(inherited)";
				PRODUCT_BUNDLE_IDENTIFIER = BoostBLEKit;
				PRODUCT_MODULE_NAME = "$(TARGET_NAME:c99extidentifier)";
				PRODUCT_NAME = "$(TARGET_NAME:c99extidentifier)";
				SKIP_INSTALL = YES;
				SWIFT_VERSION = 4.0;
				TARGET_NAME = BoostBLEKit;
			};
			name = Debug;
		};
		OBJ_34 /* Release */ = {
			isa = XCBuildConfiguration;
			buildSettings = {
				ENABLE_TESTABILITY = YES;
				FRAMEWORK_SEARCH_PATHS = (
					"$(inherited)",
					"$(PLATFORM_DIR)/Developer/Library/Frameworks",
				);
				HEADER_SEARCH_PATHS = "$(inherited)";
				INFOPLIST_FILE = BoostBLEKit.xcodeproj/BoostBLEKit_Info.plist;
				LD_RUNPATH_SEARCH_PATHS = "$(TOOLCHAIN_DIR)/usr/lib/swift/macosx";
				OTHER_LDFLAGS = "$(inherited)";
				OTHER_SWIFT_FLAGS = "$(inherited)";
				PRODUCT_BUNDLE_IDENTIFIER = BoostBLEKit;
				PRODUCT_MODULE_NAME = "$(TARGET_NAME:c99extidentifier)";
				PRODUCT_NAME = "$(TARGET_NAME:c99extidentifier)";
				SKIP_INSTALL = YES;
				SWIFT_VERSION = 4.0;
				TARGET_NAME = BoostBLEKit;
			};
			name = Release;
		};
		OBJ_4 /* Release */ = {
			isa = XCBuildConfiguration;
			buildSettings = {
				CLANG_ENABLE_OBJC_ARC = YES;
				COMBINE_HIDPI_IMAGES = YES;
				COPY_PHASE_STRIP = YES;
				DEBUG_INFORMATION_FORMAT = "dwarf-with-dsym";
				DYLIB_INSTALL_NAME_BASE = "@rpath";
				GCC_OPTIMIZATION_LEVEL = s;
				IPHONEOS_DEPLOYMENT_TARGET = 9.0;
				MACOSX_DEPLOYMENT_TARGET = 10.10;
				OTHER_SWIFT_FLAGS = "-DXcode";
				PRODUCT_NAME = "$(TARGET_NAME)";
				SDKROOT = macosx;
				SUPPORTED_PLATFORMS = "macosx iphoneos iphonesimulator appletvos appletvsimulator watchos watchsimulator";
				SWIFT_ACTIVE_COMPILATION_CONDITIONS = SWIFT_PACKAGE;
				SWIFT_OPTIMIZATION_LEVEL = "-Owholemodule";
				TVOS_DEPLOYMENT_TARGET = 9.0;
				USE_HEADERMAP = NO;
				WATCHOS_DEPLOYMENT_TARGET = 4.0;
			};
			name = Release;
		};
		OBJ_40 /* Debug */ = {
			isa = XCBuildConfiguration;
			buildSettings = {
			};
			name = Debug;
		};
		OBJ_41 /* Release */ = {
			isa = XCBuildConfiguration;
			buildSettings = {
			};
			name = Release;
		};
/* End XCBuildConfiguration section */

/* Begin XCConfigurationList section */
		OBJ_17 /* Build configuration list for PBXNativeTarget "BoostBLEKitPackageDescription" */ = {
			isa = XCConfigurationList;
			buildConfigurations = (
				OBJ_18 /* Debug */,
				OBJ_19 /* Release */,
			);
			defaultConfigurationIsVisible = 0;
			defaultConfigurationName = Debug;
		};
		OBJ_2 /* Build configuration list for PBXProject "BoostBLEKit" */ = {
			isa = XCConfigurationList;
			buildConfigurations = (
				OBJ_3 /* Debug */,
				OBJ_4 /* Release */,
			);
			defaultConfigurationIsVisible = 0;
			defaultConfigurationName = Debug;
		};
		OBJ_23 /* Build configuration list for PBXNativeTarget "BoostBLEKitTests" */ = {
			isa = XCConfigurationList;
			buildConfigurations = (
				OBJ_24 /* Debug */,
				OBJ_25 /* Release */,
			);
			defaultConfigurationIsVisible = 0;
			defaultConfigurationName = Debug;
		};
		OBJ_32 /* Build configuration list for PBXNativeTarget "BoostBLEKit" */ = {
			isa = XCConfigurationList;
			buildConfigurations = (
				OBJ_33 /* Debug */,
				OBJ_34 /* Release */,
			);
			defaultConfigurationIsVisible = 0;
			defaultConfigurationName = Debug;
		};
		OBJ_39 /* Build configuration list for PBXAggregateTarget "BoostBLEKitPackageTests" */ = {
			isa = XCConfigurationList;
			buildConfigurations = (
				OBJ_40 /* Debug */,
				OBJ_41 /* Release */,
			);
			defaultConfigurationIsVisible = 0;
			defaultConfigurationName = Debug;
		};
/* End XCConfigurationList section */
	};
	rootObject = OBJ_1 /* Project object */;
}
