// !$*UTF8*$!
{
	archiveVersion = 1;
	classes = {
	};
	objectVersion = 46;
	objects = {

/* Begin PBXBuildFile section */
		CB0B5ADC21023718008DEC1B /* Boost.swift in Sources */ = {isa = PBXBuildFile; fileRef = CB0B5ADB21023717008DEC1B /* Boost.swift */; };
		CB0B5ADF21023789008DEC1B /* MotorStartSpeedCommand.swift in Sources */ = {isa = PBXBuildFile; fileRef = CB0B5ADE21023789008DEC1B /* MotorStartSpeedCommand.swift */; };
		CB26245C22C7D6D10034E54F /* HubPropertiesCommand.swift in Sources */ = {isa = PBXBuildFile; fileRef = CB26245B22C7D6D10034E54F /* HubPropertiesCommand.swift */; };
		CB26245E22C7D9780034E54F /* HubProperty.swift in Sources */ = {isa = PBXBuildFile; fileRef = CB26245D22C7D9780034E54F /* HubProperty.swift */; };
		CB434599200FA72100D82D7D /* Command.swift in Sources */ = {isa = PBXBuildFile; fileRef = CB434598200FA72100D82D7D /* Command.swift */; };
		CB43459B200FA7C400D82D7D /* MotorStartPowerCommand.swift in Sources */ = {isa = PBXBuildFile; fileRef = CB43459A200FA7C400D82D7D /* MotorStartPowerCommand.swift */; };
		CB43459D200FA80100D82D7D /* Port.swift in Sources */ = {isa = PBXBuildFile; fileRef = CB43459C200FA80100D82D7D /* Port.swift */; };
		CB4345A0200FA8B000D82D7D /* IOType.swift in Sources */ = {isa = PBXBuildFile; fileRef = CB43459F200FA8B000D82D7D /* IOType.swift */; };
		CB4345A4200FA90700D82D7D /* Notification.swift in Sources */ = {isa = PBXBuildFile; fileRef = CB4345A3200FA90700D82D7D /* Notification.swift */; };
		CB4345A6200FAB8300D82D7D /* GATT.swift in Sources */ = {isa = PBXBuildFile; fileRef = CB4345A5200FAB8300D82D7D /* GATT.swift */; };
		CB4BF0FE21022EED00636F42 /* PoweredUp.swift in Sources */ = {isa = PBXBuildFile; fileRef = CB4BF0FD21022EED00636F42 /* PoweredUp.swift */; };
		CB7CEAD220EFA5AD001291D7 /* RGBLightColorCommand.swift in Sources */ = {isa = PBXBuildFile; fileRef = CB7CEAD120EFA5AD001291D7 /* RGBLightColorCommand.swift */; };
		CB807CC321E3ED7C0088879A /* Duplo.swift in Sources */ = {isa = PBXBuildFile; fileRef = CB807CC221E3ED7C0088879A /* Duplo.swift */; };
		CBED358120F8E85C009DAE91 /* Hub.swift in Sources */ = {isa = PBXBuildFile; fileRef = CBED357F20F8E55E009DAE91 /* Hub.swift */; };
		CBF7D4382146E069000B8B60 /* Color.swift in Sources */ = {isa = PBXBuildFile; fileRef = CBF7D4372146E069000B8B60 /* Color.swift */; };
		CBF7D43A2146E8F8000B8B60 /* InputFormatCommand.swift in Sources */ = {isa = PBXBuildFile; fileRef = CBF7D4392146E8F8000B8B60 /* InputFormatCommand.swift */; };
		CBF9E0EA21029EE300A0C3E5 /* HubType.swift in Sources */ = {isa = PBXBuildFile; fileRef = CBF9E0E921029EE300A0C3E5 /* HubType.swift */; };
		OBJ_27 /* BoostBLEKitTests.swift in Sources */ = {isa = PBXBuildFile; fileRef = OBJ_12 /* BoostBLEKitTests.swift */; };
		OBJ_29 /* BoostBLEKit.framework in Frameworks */ = {isa = PBXBuildFile; fileRef = "BoostBLEKit::BoostBLEKit::Product" /* BoostBLEKit.framework */; };
/* End PBXBuildFile section */

/* Begin PBXContainerItemProxy section */
		CB434596200FA6D400D82D7D /* PBXContainerItemProxy */ = {
			isa = PBXContainerItemProxy;
			containerPortal = OBJ_1 /* Project object */;
			proxyType = 1;
			remoteGlobalIDString = "BoostBLEKit::BoostBLEKit";
			remoteInfo = BoostBLEKit;
		};
/* End PBXContainerItemProxy section */

/* Begin PBXFileReference section */
		"BoostBLEKit::BoostBLEKit::Product" /* BoostBLEKit.framework */ = {isa = PBXFileReference; explicitFileType = wrapper.framework; path = BoostBLEKit.framework; sourceTree = BUILT_PRODUCTS_DIR; };
		"BoostBLEKit::BoostBLEKitTests::Product" /* BoostBLEKitTests.xctest */ = {isa = PBXFileReference; explicitFileType = wrapper.cfbundle; path = BoostBLEKitTests.xctest; sourceTree = BUILT_PRODUCTS_DIR; };
		CB0B5ADB21023717008DEC1B /* Boost.swift */ = {isa = PBXFileReference; fileEncoding = 4; lastKnownFileType = sourcecode.swift; path = Boost.swift; sourceTree = "<group>"; };
		CB0B5ADE21023789008DEC1B /* MotorStartSpeedCommand.swift */ = {isa = PBXFileReference; lastKnownFileType = sourcecode.swift; path = MotorStartSpeedCommand.swift; sourceTree = "<group>"; };
		CB26245B22C7D6D10034E54F /* HubPropertiesCommand.swift */ = {isa = PBXFileReference; lastKnownFileType = sourcecode.swift; path = HubPropertiesCommand.swift; sourceTree = "<group>"; };
		CB26245D22C7D9780034E54F /* HubProperty.swift */ = {isa = PBXFileReference; lastKnownFileType = sourcecode.swift; path = HubProperty.swift; sourceTree = "<group>"; };
		CB434598200FA72100D82D7D /* Command.swift */ = {isa = PBXFileReference; lastKnownFileType = sourcecode.swift; path = Command.swift; sourceTree = "<group>"; };
		CB43459A200FA7C400D82D7D /* MotorStartPowerCommand.swift */ = {isa = PBXFileReference; lastKnownFileType = sourcecode.swift; path = MotorStartPowerCommand.swift; sourceTree = "<group>"; };
		CB43459C200FA80100D82D7D /* Port.swift */ = {isa = PBXFileReference; lastKnownFileType = sourcecode.swift; path = Port.swift; sourceTree = "<group>"; };
		CB43459F200FA8B000D82D7D /* IOType.swift */ = {isa = PBXFileReference; lastKnownFileType = sourcecode.swift; path = IOType.swift; sourceTree = "<group>"; };
		CB4345A3200FA90700D82D7D /* Notification.swift */ = {isa = PBXFileReference; lastKnownFileType = sourcecode.swift; path = Notification.swift; sourceTree = "<group>"; };
		CB4345A5200FAB8300D82D7D /* GATT.swift */ = {isa = PBXFileReference; lastKnownFileType = sourcecode.swift; path = GATT.swift; sourceTree = "<group>"; };
		CB4BF0FD21022EED00636F42 /* PoweredUp.swift */ = {isa = PBXFileReference; lastKnownFileType = sourcecode.swift; path = PoweredUp.swift; sourceTree = "<group>"; };
		CB7CEAD120EFA5AD001291D7 /* RGBLightColorCommand.swift */ = {isa = PBXFileReference; lastKnownFileType = sourcecode.swift; path = RGBLightColorCommand.swift; sourceTree = "<group>"; };
		CB807CC221E3ED7C0088879A /* Duplo.swift */ = {isa = PBXFileReference; lastKnownFileType = sourcecode.swift; path = Duplo.swift; sourceTree = "<group>"; };
		CBED357F20F8E55E009DAE91 /* Hub.swift */ = {isa = PBXFileReference; lastKnownFileType = sourcecode.swift; path = Hub.swift; sourceTree = "<group>"; };
		CBF7D4372146E069000B8B60 /* Color.swift */ = {isa = PBXFileReference; fileEncoding = 4; lastKnownFileType = sourcecode.swift; path = Color.swift; sourceTree = "<group>"; };
		CBF7D4392146E8F8000B8B60 /* InputFormatCommand.swift */ = {isa = PBXFileReference; lastKnownFileType = sourcecode.swift; path = InputFormatCommand.swift; sourceTree = "<group>"; };
		CBF9E0E921029EE300A0C3E5 /* HubType.swift */ = {isa = PBXFileReference; lastKnownFileType = sourcecode.swift; path = HubType.swift; sourceTree = "<group>"; };
		OBJ_12 /* BoostBLEKitTests.swift */ = {isa = PBXFileReference; lastKnownFileType = sourcecode.swift; path = BoostBLEKitTests.swift; sourceTree = "<group>"; };
/* End PBXFileReference section */

/* Begin PBXFrameworksBuildPhase section */
		OBJ_28 /* Frameworks */ = {
			isa = PBXFrameworksBuildPhase;
			buildActionMask = 0;
			files = (
				OBJ_29 /* BoostBLEKit.framework in Frameworks */,
			);
			runOnlyForDeploymentPostprocessing = 0;
		};
		OBJ_37 /* Frameworks */ = {
			isa = PBXFrameworksBuildPhase;
			buildActionMask = 0;
			files = (
			);
			runOnlyForDeploymentPostprocessing = 0;
		};
/* End PBXFrameworksBuildPhase section */

/* Begin PBXGroup section */
		CB0B5ADD2102372F008DEC1B /* Command */ = {
			isa = PBXGroup;
			children = (
				CB434598200FA72100D82D7D /* Command.swift */,
				CB26245B22C7D6D10034E54F /* HubPropertiesCommand.swift */,
				CBF7D4392146E8F8000B8B60 /* InputFormatCommand.swift */,
				CB0B5ADE21023789008DEC1B /* MotorStartSpeedCommand.swift */,
				CB43459A200FA7C400D82D7D /* MotorStartPowerCommand.swift */,
				CB7CEAD120EFA5AD001291D7 /* RGBLightColorCommand.swift */,
			);
			path = Command;
			sourceTree = "<group>";
		};
		CB4BF0FF210236BA00636F42 /* Hub */ = {
			isa = PBXGroup;
			children = (
				CBED357F20F8E55E009DAE91 /* Hub.swift */,
				CB0B5ADB21023717008DEC1B /* Boost.swift */,
				CB4BF0FD21022EED00636F42 /* PoweredUp.swift */,
				CB807CC221E3ED7C0088879A /* Duplo.swift */,
			);
			path = Hub;
			sourceTree = "<group>";
		};
		OBJ_10 /* Tests */ = {
			isa = PBXGroup;
			children = (
				OBJ_11 /* BoostBLEKitTests */,
			);
			name = Tests;
			sourceTree = SOURCE_ROOT;
		};
		OBJ_11 /* BoostBLEKitTests */ = {
			isa = PBXGroup;
			children = (
				OBJ_12 /* BoostBLEKitTests.swift */,
			);
			name = BoostBLEKitTests;
			path = Tests/BoostBLEKitTests;
			sourceTree = SOURCE_ROOT;
		};
		OBJ_13 /* Products */ = {
			isa = PBXGroup;
			children = (
				"BoostBLEKit::BoostBLEKitTests::Product" /* BoostBLEKitTests.xctest */,
				"BoostBLEKit::BoostBLEKit::Product" /* BoostBLEKit.framework */,
			);
			name = Products;
			sourceTree = BUILT_PRODUCTS_DIR;
		};
		OBJ_5 = {
			isa = PBXGroup;
			children = (
				OBJ_7 /* Sources */,
				OBJ_10 /* Tests */,
				OBJ_13 /* Products */,
			);
			sourceTree = "<group>";
		};
		OBJ_7 /* Sources */ = {
			isa = PBXGroup;
			children = (
				OBJ_8 /* BoostBLEKit */,
			);
			name = Sources;
			sourceTree = SOURCE_ROOT;
		};
		OBJ_8 /* BoostBLEKit */ = {
			isa = PBXGroup;
			children = (
				CBF7D4372146E069000B8B60 /* Color.swift */,
				CB0B5ADD2102372F008DEC1B /* Command */,
				CB4345A5200FAB8300D82D7D /* GATT.swift */,
				CB4BF0FF210236BA00636F42 /* Hub */,
				CBF9E0E921029EE300A0C3E5 /* HubType.swift */,
				CB43459F200FA8B000D82D7D /* IOType.swift */,
				CB26245D22C7D9780034E54F /* HubProperty.swift */,
				CB4345A3200FA90700D82D7D /* Notification.swift */,
				CB43459C200FA80100D82D7D /* Port.swift */,
			);
			name = BoostBLEKit;
			path = Sources/BoostBLEKit;
			sourceTree = SOURCE_ROOT;
		};
/* End PBXGroup section */

/* Begin PBXNativeTarget section */
		"BoostBLEKit::BoostBLEKit" /* BoostBLEKit */ = {
			isa = PBXNativeTarget;
			buildConfigurationList = OBJ_32 /* Build configuration list for PBXNativeTarget "BoostBLEKit" */;
			buildPhases = (
				OBJ_35 /* Sources */,
				OBJ_37 /* Frameworks */,
			);
			buildRules = (
			);
			dependencies = (
			);
			name = BoostBLEKit;
			productName = BoostBLEKit;
			productReference = "BoostBLEKit::BoostBLEKit::Product" /* BoostBLEKit.framework */;
			productType = "com.apple.product-type.framework";
		};
		"BoostBLEKit::BoostBLEKitTests" /* BoostBLEKitTests */ = {
			isa = PBXNativeTarget;
			buildConfigurationList = OBJ_23 /* Build configuration list for PBXNativeTarget "BoostBLEKitTests" */;
			buildPhases = (
				OBJ_26 /* Sources */,
				OBJ_28 /* Frameworks */,
			);
			buildRules = (
			);
			dependencies = (
				OBJ_30 /* PBXTargetDependency */,
			);
			name = BoostBLEKitTests;
			productName = BoostBLEKitTests;
			productReference = "BoostBLEKit::BoostBLEKitTests::Product" /* BoostBLEKitTests.xctest */;
			productType = "com.apple.product-type.bundle.unit-test";
		};
/* End PBXNativeTarget section */

/* Begin PBXProject section */
		OBJ_1 /* Project object */ = {
			isa = PBXProject;
			attributes = {
				LastUpgradeCheck = 9999;
				ORGANIZATIONNAME = bricklife.com;
			};
			buildConfigurationList = OBJ_2 /* Build configuration list for PBXProject "BoostBLEKit" */;
			compatibilityVersion = "Xcode 3.2";
			developmentRegion = English;
			hasScannedForEncodings = 0;
			knownRegions = (
				English,
				en,
			);
			mainGroup = OBJ_5;
			productRefGroup = OBJ_13 /* Products */;
			projectDirPath = "";
			projectRoot = "";
			targets = (
				"BoostBLEKit::BoostBLEKit" /* BoostBLEKit */,
				"BoostBLEKit::BoostBLEKitTests" /* BoostBLEKitTests */,
			);
		};
/* End PBXProject section */

/* Begin PBXSourcesBuildPhase section */
		OBJ_26 /* Sources */ = {
			isa = PBXSourcesBuildPhase;
			buildActionMask = 0;
			files = (
				OBJ_27 /* BoostBLEKitTests.swift in Sources */,
			);
			runOnlyForDeploymentPostprocessing = 0;
		};
		OBJ_35 /* Sources */ = {
			isa = PBXSourcesBuildPhase;
			buildActionMask = 0;
			files = (
				CB26245C22C7D6D10034E54F /* HubPropertiesCommand.swift in Sources */,
				CB4345A6200FAB8300D82D7D /* GATT.swift in Sources */,
				CB26245E22C7D9780034E54F /* HubProperty.swift in Sources */,
				CB0B5ADF21023789008DEC1B /* MotorStartSpeedCommand.swift in Sources */,
				CB43459D200FA80100D82D7D /* Port.swift in Sources */,
				CB7CEAD220EFA5AD001291D7 /* RGBLightColorCommand.swift in Sources */,
				CB0B5ADC21023718008DEC1B /* Boost.swift in Sources */,
				CBED358120F8E85C009DAE91 /* Hub.swift in Sources */,
				CB4345A0200FA8B000D82D7D /* IOType.swift in Sources */,
				CB4345A4200FA90700D82D7D /* Notification.swift in Sources */,
				CBF7D4382146E069000B8B60 /* Color.swift in Sources */,
				CB434599200FA72100D82D7D /* Command.swift in Sources */,
				CB807CC321E3ED7C0088879A /* Duplo.swift in Sources */,
				CBF9E0EA21029EE300A0C3E5 /* HubType.swift in Sources */,
				CBF7D43A2146E8F8000B8B60 /* InputFormatCommand.swift in Sources */,
				CB43459B200FA7C400D82D7D /* MotorStartPowerCommand.swift in Sources */,
				CB4BF0FE21022EED00636F42 /* PoweredUp.swift in Sources */,
			);
			runOnlyForDeploymentPostprocessing = 0;
		};
/* End PBXSourcesBuildPhase section */

/* Begin PBXTargetDependency section */
		OBJ_30 /* PBXTargetDependency */ = {
			isa = PBXTargetDependency;
			target = "BoostBLEKit::BoostBLEKit" /* BoostBLEKit */;
			targetProxy = CB434596200FA6D400D82D7D /* PBXContainerItemProxy */;
		};
/* End PBXTargetDependency section */

/* Begin XCBuildConfiguration section */
		OBJ_24 /* Debug */ = {
			isa = XCBuildConfiguration;
			buildSettings = {
				EMBEDDED_CONTENT_CONTAINS_SWIFT = YES;
				FRAMEWORK_SEARCH_PATHS = (
					"$(inherited)",
					"$(PLATFORM_DIR)/Developer/Library/Frameworks",
				);
				HEADER_SEARCH_PATHS = "$(inherited)";
				INFOPLIST_FILE = BoostBLEKit.xcodeproj/BoostBLEKitTests_Info.plist;
				LD_RUNPATH_SEARCH_PATHS = "@loader_path/../Frameworks @loader_path/Frameworks";
				OTHER_LDFLAGS = "$(inherited)";
				OTHER_SWIFT_FLAGS = "$(inherited)";
				TARGET_NAME = BoostBLEKitTests;
			};
			name = Debug;
		};
		OBJ_25 /* Release */ = {
			isa = XCBuildConfiguration;
			buildSettings = {
				EMBEDDED_CONTENT_CONTAINS_SWIFT = YES;
				FRAMEWORK_SEARCH_PATHS = (
					"$(inherited)",
					"$(PLATFORM_DIR)/Developer/Library/Frameworks",
				);
				HEADER_SEARCH_PATHS = "$(inherited)";
				INFOPLIST_FILE = BoostBLEKit.xcodeproj/BoostBLEKitTests_Info.plist;
				LD_RUNPATH_SEARCH_PATHS = "@loader_path/../Frameworks @loader_path/Frameworks";
				OTHER_LDFLAGS = "$(inherited)";
				OTHER_SWIFT_FLAGS = "$(inherited)";
				TARGET_NAME = BoostBLEKitTests;
			};
			name = Release;
		};
		OBJ_3 /* Debug */ = {
			isa = XCBuildConfiguration;
			buildSettings = {
				CLANG_ENABLE_OBJC_ARC = YES;
				COMBINE_HIDPI_IMAGES = YES;
				COPY_PHASE_STRIP = NO;
				DEBUG_INFORMATION_FORMAT = dwarf;
				DYLIB_INSTALL_NAME_BASE = "@rpath";
				ENABLE_NS_ASSERTIONS = YES;
				GCC_OPTIMIZATION_LEVEL = 0;
				IPHONEOS_DEPLOYMENT_TARGET = 9.0;
				MACOSX_DEPLOYMENT_TARGET = 10.10;
				ONLY_ACTIVE_ARCH = YES;
				OTHER_SWIFT_FLAGS = "-DXcode";
				PRODUCT_NAME = "$(TARGET_NAME)";
				SDKROOT = macosx;
				SUPPORTED_PLATFORMS = "macosx iphoneos iphonesimulator appletvos appletvsimulator watchos watchsimulator";
				SWIFT_ACTIVE_COMPILATION_CONDITIONS = SWIFT_PACKAGE;
				SWIFT_OPTIMIZATION_LEVEL = "-Onone";
				SWIFT_VERSION = 5.0;
				TVOS_DEPLOYMENT_TARGET = 9.0;
				USE_HEADERMAP = NO;
				WATCHOS_DEPLOYMENT_TARGET = 4.0;
			};
			name = Debug;
		};
		OBJ_33 /* Debug */ = {
			isa = XCBuildConfiguration;
			buildSettings = {
				ENABLE_TESTABILITY = YES;
				FRAMEWORK_SEARCH_PATHS = (
					"$(inherited)",
					"$(PLATFORM_DIR)/Developer/Library/Frameworks",
				);
				HEADER_SEARCH_PATHS = "$(inherited)";
				INFOPLIST_FILE = BoostBLEKit.xcodeproj/BoostBLEKit_Info.plist;
				LD_RUNPATH_SEARCH_PATHS = "$(TOOLCHAIN_DIR)/usr/lib/swift/macosx";
				OTHER_LDFLAGS = "$(inherited)";
				OTHER_SWIFT_FLAGS = "$(inherited)";
				PRODUCT_BUNDLE_IDENTIFIER = com.bricklife.BoostBLEKit;
				PRODUCT_MODULE_NAME = "$(TARGET_NAME:c99extidentifier)";
				PRODUCT_NAME = "$(TARGET_NAME:c99extidentifier)";
				SKIP_INSTALL = YES;
				TARGET_NAME = BoostBLEKit;
			};
			name = Debug;
		};
		OBJ_34 /* Release */ = {
			isa = XCBuildConfiguration;
			buildSettings = {
				ENABLE_TESTABILITY = YES;
				FRAMEWORK_SEARCH_PATHS = (
					"$(inherited)",
					"$(PLATFORM_DIR)/Developer/Library/Frameworks",
				);
				HEADER_SEARCH_PATHS = "$(inherited)";
				INFOPLIST_FILE = BoostBLEKit.xcodeproj/BoostBLEKit_Info.plist;
				LD_RUNPATH_SEARCH_PATHS = "$(TOOLCHAIN_DIR)/usr/lib/swift/macosx";
				OTHER_LDFLAGS = "$(inherited)";
				OTHER_SWIFT_FLAGS = "$(inherited)";
				PRODUCT_BUNDLE_IDENTIFIER = com.bricklife.BoostBLEKit;
				PRODUCT_MODULE_NAME = "$(TARGET_NAME:c99extidentifier)";
				PRODUCT_NAME = "$(TARGET_NAME:c99extidentifier)";
				SKIP_INSTALL = YES;
				TARGET_NAME = BoostBLEKit;
			};
			name = Release;
		};
		OBJ_4 /* Release */ = {
			isa = XCBuildConfiguration;
			buildSettings = {
				CLANG_ENABLE_OBJC_ARC = YES;
				COMBINE_HIDPI_IMAGES = YES;
				COPY_PHASE_STRIP = YES;
				DEBUG_INFORMATION_FORMAT = "dwarf-with-dsym";
				DYLIB_INSTALL_NAME_BASE = "@rpath";
				GCC_OPTIMIZATION_LEVEL = s;
				IPHONEOS_DEPLOYMENT_TARGET = 9.0;
				MACOSX_DEPLOYMENT_TARGET = 10.10;
				OTHER_SWIFT_FLAGS = "-DXcode";
				PRODUCT_NAME = "$(TARGET_NAME)";
				SDKROOT = macosx;
				SUPPORTED_PLATFORMS = "macosx iphoneos iphonesimulator appletvos appletvsimulator watchos watchsimulator";
				SWIFT_ACTIVE_COMPILATION_CONDITIONS = SWIFT_PACKAGE;
				SWIFT_OPTIMIZATION_LEVEL = "-Owholemodule";
				SWIFT_VERSION = 5.0;
				TVOS_DEPLOYMENT_TARGET = 9.0;
				USE_HEADERMAP = NO;
				WATCHOS_DEPLOYMENT_TARGET = 4.0;
			};
			name = Release;
		};
/* End XCBuildConfiguration section */

/* Begin XCConfigurationList section */
		OBJ_2 /* Build configuration list for PBXProject "BoostBLEKit" */ = {
			isa = XCConfigurationList;
			buildConfigurations = (
				OBJ_3 /* Debug */,
				OBJ_4 /* Release */,
			);
			defaultConfigurationIsVisible = 0;
			defaultConfigurationName = Debug;
		};
		OBJ_23 /* Build configuration list for PBXNativeTarget "BoostBLEKitTests" */ = {
			isa = XCConfigurationList;
			buildConfigurations = (
				OBJ_24 /* Debug */,
				OBJ_25 /* Release */,
			);
			defaultConfigurationIsVisible = 0;
			defaultConfigurationName = Debug;
		};
		OBJ_32 /* Build configuration list for PBXNativeTarget "BoostBLEKit" */ = {
			isa = XCConfigurationList;
			buildConfigurations = (
				OBJ_33 /* Debug */,
				OBJ_34 /* Release */,
			);
			defaultConfigurationIsVisible = 0;
			defaultConfigurationName = Debug;
		};
/* End XCConfigurationList section */
	};
	rootObject = OBJ_1 /* Project object */;
}
